
Microsoft Visual Studio Solution File, Format Version 12.00
# Visual Studio Version 17
VisualStudioVersion = 17.12.35527.113
MinimumVisualStudioVersion = 10.0.40219.1
Project("{FAE04EC0-301F-11D3-BF4B-00C04F79EFBC}") = "Asm5", "Asm5\Asm5.csproj", "{8FE1464D-8941-4E11-8541-1ECCFA926FDE}"
EndProject
Project("{FAE04EC0-301F-11D3-BF4B-00C04F79EFBC}") = "ApiAsm5", "ApiAsm5\ApiAsm5.csproj", "{900CCA38-DCCC-4E88-A910-7C68D7675482}"
EndProject
Global
	GlobalSection(SolutionConfigurationPlatforms) = preSolution
		Debug|Any CPU = Debug|Any CPU
		Release|Any CPU = Release|Any CPU
	EndGlobalSection
	GlobalSection(ProjectConfigurationPlatforms) = postSolution
		{8FE1464D-8941-4E11-8541-1ECCFA926FDE}.Debug|Any CPU.ActiveCfg = Debug|Any CPU
		{8FE1464D-8941-4E11-8541-1ECCFA926FDE}.Debug|Any CPU.Build.0 = Debug|Any CPU
		{8FE1464D-8941-4E11-8541-1ECCFA926FDE}.Release|Any CPU.ActiveCfg = Release|Any CPU
		{8FE1464D-8941-4E11-8541-1ECCFA926FDE}.Release|Any CPU.Build.0 = Release|Any CPU
		{900CCA38-DCCC-4E88-A910-7C68D7675482}.Debug|Any CPU.ActiveCfg = Debug|Any CPU
		{900CCA38-DCCC-4E88-A910-7C68D7675482}.Debug|Any CPU.Build.0 = Debug|Any CPU
		{900CCA38-DCCC-4E88-A910-7C68D7675482}.Release|Any CPU.ActiveCfg = Release|Any CPU
		{900CCA38-DCCC-4E88-A910-7C68D7675482}.Release|Any CPU.Build.0 = Release|Any CPU
	EndGlobalSection
	GlobalSection(SolutionProperties) = preSolution
		HideSolutionNode = FALSE
	EndGlobalSection
EndGlobal
